# This file is automatically @generated by Poetry 2.1.4 and should not be changed by hand.

[[package]]
name = "core-plugin-system"
version = "0.1.0"
description = "Core plugin system with entrypoint discovery"
optional = false
python-versions = "^3.9"
groups = ["main"]
files = []
develop = true

[package.source]
type = "directory"
url = "../core"

[metadata]
lock-version = "2.1"
python-versions = "^3.9"
content-hash = "cc745134c79bbe47ac3088f7accd9912e720f804976c3421849e46600ec9c705"
